
Microsoft Visual Studio Solution File, Format Version 12.00
# Visual Studio Version 16
VisualStudioVersion = 16.0.29709.97
MinimumVisualStudioVersion = 10.0.40219.1
Project("{FAE04EC0-301F-11D3-BF4B-00C04F79EFBC}") = "Pacman CS", "Pacman CS\Pacman CS.csproj", "{A23CABD0-2DBF-4F18-8D67-98C5D78170FF}"
EndProject
Global
	GlobalSection(SolutionConfigurationPlatforms) = preSolution
		Debug|x86 = Debug|x86
		Release|x86 = Release|x86
	EndGlobalSection
	GlobalSection(ProjectConfigurationPlatforms) = postSolution
		{A23CABD0-2DBF-4F18-8D67-98C5D78170FF}.Debug|x86.ActiveCfg = Debug|x86
		{A23CABD0-2DBF-4F18-8D67-98C5D78170FF}.Debug|x86.Build.0 = Debug|x86
		{A23CABD0-2DBF-4F18-8D67-98C5D78170FF}.Release|x86.ActiveCfg = Release|x86
		{A23CABD0-2DBF-4F18-8D67-98C5D78170FF}.Release|x86.Build.0 = Release|x86
	EndGlobalSection
	GlobalSection(SolutionProperties) = preSolution
		HideSolutionNode = FALSE
	EndGlobalSection
	GlobalSection(ExtensibilityGlobals) = postSolution
		SolutionGuid = {AD628F96-640A-447A-AF49-F8C26C8DAF5C}
	EndGlobalSection
EndGlobal
